
Microsoft Visual Studio Solution File, Format Version 12.00
# Visual Studio Version 16
VisualStudioVersion = 16.0.32228.343
MinimumVisualStudioVersion = 10.0.40219.1
Project("{9A19103F-16F7-4668-BE54-9A1E7A4F7556}") = "pudelko", "pudelko\pudelko.csproj", "{61D3DEAE-512E-4981-8EA3-8952E4FBB881}"
EndProject
Project("{FAE04EC0-301F-11D3-BF4B-00C04F79EFBC}") = "PudelkoTesty", "PudelkoTesty\PudelkoTesty.csproj", "{D52DA67F-D362-4D81-B6C9-75B80A33DDBD}"
EndProject
Global
	GlobalSection(SolutionConfigurationPlatforms) = preSolution
		Debug|Any CPU = Debug|Any CPU
		Release|Any CPU = Release|Any CPU
	EndGlobalSection
	GlobalSection(ProjectConfigurationPlatforms) = postSolution
		{61D3DEAE-512E-4981-8EA3-8952E4FBB881}.Debug|Any CPU.ActiveCfg = Debug|Any CPU
		{61D3DEAE-512E-4981-8EA3-8952E4FBB881}.Debug|Any CPU.Build.0 = Debug|Any CPU
		{61D3DEAE-512E-4981-8EA3-8952E4FBB881}.Release|Any CPU.ActiveCfg = Release|Any CPU
		{61D3DEAE-512E-4981-8EA3-8952E4FBB881}.Release|Any CPU.Build.0 = Release|Any CPU
		{D52DA67F-D362-4D81-B6C9-75B80A33DDBD}.Debug|Any CPU.ActiveCfg = Debug|Any CPU
		{D52DA67F-D362-4D81-B6C9-75B80A33DDBD}.Debug|Any CPU.Build.0 = Debug|Any CPU
		{D52DA67F-D362-4D81-B6C9-75B80A33DDBD}.Release|Any CPU.ActiveCfg = Release|Any CPU
		{D52DA67F-D362-4D81-B6C9-75B80A33DDBD}.Release|Any CPU.Build.0 = Release|Any CPU
	EndGlobalSection
	GlobalSection(SolutionProperties) = preSolution
		HideSolutionNode = FALSE
	EndGlobalSection
	GlobalSection(ExtensibilityGlobals) = postSolution
		SolutionGuid = {9A42B349-BED9-40FA-B953-FFC10E4C4B82}
	EndGlobalSection
EndGlobal
